Microsoft Visual Studio Solution File, Format Version 12.00
# Visual Studio Version 16
VisualStudioVersion = 16.0.28922.388
MinimumVisualStudioVersion = 10.0.40219.1
Project("{9A19103F-16F7-4668-BE54-9A1E7A4F7556}") = "cccore", "cccore\cccore.csproj", "{E7E5077B-0EE1-4F2C-B48B-B3C5CCE808D5}"
	ProjectSection(ProjectDependencies) = postProject
		{55F53A49-51C0-4790-BD29-E91E3476D09B} = {55F53A49-51C0-4790-BD29-E91E3476D09B}
		{31A0FE7F-E68C-456C-B546-59B757F53DF5} = {31A0FE7F-E68C-456C-B546-59B757F53DF5}
		{6BFD289B-FB97-49C9-84B2-46D93A74DD27} = {6BFD289B-FB97-49C9-84B2-46D93A74DD27}
		{C5B0F6FE-4117-4B92-A020-D66C7CBD5C03} = {C5B0F6FE-4117-4B92-A020-D66C7CBD5C03}
	EndProjectSection
EndProject
Project("{9A19103F-16F7-4668-BE54-9A1E7A4F7556}") = "ccplugin", "ccplugin\ccplugin.csproj", "{1F1F617D-CF8B-49B3-BE46-6EBDD8BD1E2A}"
	ProjectSection(ProjectDependencies) = postProject
		{55F53A49-51C0-4790-BD29-E91E3476D09B} = {55F53A49-51C0-4790-BD29-E91E3476D09B}
		{31A0FE7F-E68C-456C-B546-59B757F53DF5} = {31A0FE7F-E68C-456C-B546-59B757F53DF5}
		{6BFD289B-FB97-49C9-84B2-46D93A74DD27} = {6BFD289B-FB97-49C9-84B2-46D93A74DD27}
		{C5B0F6FE-4117-4B92-A020-D66C7CBD5C03} = {C5B0F6FE-4117-4B92-A020-D66C7CBD5C03}
	EndProjectSection
EndProject
Project("{2150E333-8FDC-42A3-9474-1A3956D46DE8}") = "plugins", "plugins", "{A3E0FFB0-EF89-4CD3-95E1-DB04FF935788}"
EndProject
Project("{9A19103F-16F7-4668-BE54-9A1E7A4F7556}") = "cbitcoin", "plugins\bitcoin\cbitcoin.csproj", "{C5B0F6FE-4117-4B92-A020-D66C7CBD5C03}"
EndProject
Project("{9A19103F-16F7-4668-BE54-9A1E7A4F7556}") = "cethereum", "plugins\ethereum\cethereum.csproj", "{31A0FE7F-E68C-456C-B546-59B757F53DF5}"
EndProject
Project("{9A19103F-16F7-4668-BE54-9A1E7A4F7556}") = "cerc20", "plugins\erc20\cerc20.csproj", "{55F53A49-51C0-4790-BD29-E91E3476D09B}"
EndProject
Project("{9A19103F-16F7-4668-BE54-9A1E7A4F7556}") = "cethless", "plugins\ethless\cethless.csproj", "{6BFD289B-FB97-49C9-84B2-46D93A74DD27}"
EndProject
Global
	GlobalSection(SolutionConfigurationPlatforms) = preSolution
		Debug|Any CPU = Debug|Any CPU
		Debug|x64 = Debug|x64
		Release|Any CPU = Release|Any CPU
		Release|x64 = Release|x64
	EndGlobalSection
	GlobalSection(ProjectConfigurationPlatforms) = postSolution
		{E7E5077B-0EE1-4F2C-B48B-B3C5CCE808D5}.Debug|Any CPU.ActiveCfg = Debug|Any CPU
		{E7E5077B-0EE1-4F2C-B48B-B3C5CCE808D5}.Debug|Any CPU.Build.0 = Debug|Any CPU
		{E7E5077B-0EE1-4F2C-B48B-B3C5CCE808D5}.Debug|x64.ActiveCfg = Debug|Any CPU
		{E7E5077B-0EE1-4F2C-B48B-B3C5CCE808D5}.Debug|x64.Build.0 = Debug|Any CPU
		{E7E5077B-0EE1-4F2C-B48B-B3C5CCE808D5}.Release|Any CPU.ActiveCfg = Release|Any CPU
		{E7E5077B-0EE1-4F2C-B48B-B3C5CCE808D5}.Release|Any CPU.Build.0 = Release|Any CPU
		{E7E5077B-0EE1-4F2C-B48B-B3C5CCE808D5}.Release|x64.ActiveCfg = Release|Any CPU
		{E7E5077B-0EE1-4F2C-B48B-B3C5CCE808D5}.Release|x64.Build.0 = Release|Any CPU
		{1F1F617D-CF8B-49B3-BE46-6EBDD8BD1E2A}.Debug|Any CPU.ActiveCfg = Debug|Any CPU
		{1F1F617D-CF8B-49B3-BE46-6EBDD8BD1E2A}.Debug|Any CPU.Build.0 = Debug|Any CPU
		{1F1F617D-CF8B-49B3-BE46-6EBDD8BD1E2A}.Debug|x64.ActiveCfg = Debug|Any CPU
		{1F1F617D-CF8B-49B3-BE46-6EBDD8BD1E2A}.Debug|x64.Build.0 = Debug|Any CPU
		{1F1F617D-CF8B-49B3-BE46-6EBDD8BD1E2A}.Release|Any CPU.ActiveCfg = Release|Any CPU
		{1F1F617D-CF8B-49B3-BE46-6EBDD8BD1E2A}.Release|Any CPU.Build.0 = Release|Any CPU
		{1F1F617D-CF8B-49B3-BE46-6EBDD8BD1E2A}.Release|x64.ActiveCfg = Release|Any CPU
		{1F1F617D-CF8B-49B3-BE46-6EBDD8BD1E2A}.Release|x64.Build.0 = Release|Any CPU
		{C5B0F6FE-4117-4B92-A020-D66C7CBD5C03}.Debug|Any CPU.ActiveCfg = Debug|Any CPU
		{C5B0F6FE-4117-4B92-A020-D66C7CBD5C03}.Debug|Any CPU.Build.0 = Debug|Any CPU
		{C5B0F6FE-4117-4B92-A020-D66C7CBD5C03}.Debug|x64.ActiveCfg = Debug|Any CPU
		{C5B0F6FE-4117-4B92-A020-D66C7CBD5C03}.Debug|x64.Build.0 = Debug|Any CPU
		{C5B0F6FE-4117-4B92-A020-D66C7CBD5C03}.Release|Any CPU.ActiveCfg = Release|Any CPU
		{C5B0F6FE-4117-4B92-A020-D66C7CBD5C03}.Release|Any CPU.Build.0 = Release|Any CPU
		{C5B0F6FE-4117-4B92-A020-D66C7CBD5C03}.Release|x64.ActiveCfg = Release|Any CPU
		{C5B0F6FE-4117-4B92-A020-D66C7CBD5C03}.Release|x64.Build.0 = Release|Any CPU
		{31A0FE7F-E68C-456C-B546-59B757F53DF5}.Debug|Any CPU.ActiveCfg = Debug|Any CPU
		{31A0FE7F-E68C-456C-B546-59B757F53DF5}.Debug|Any CPU.Build.0 = Debug|Any CPU
		{31A0FE7F-E68C-456C-B546-59B757F53DF5}.Debug|x64.ActiveCfg = Debug|Any CPU
		{31A0FE7F-E68C-456C-B546-59B757F53DF5}.Debug|x64.Build.0 = Debug|Any CPU
		{31A0FE7F-E68C-456C-B546-59B757F53DF5}.Release|Any CPU.ActiveCfg = Release|Any CPU
		{31A0FE7F-E68C-456C-B546-59B757F53DF5}.Release|Any CPU.Build.0 = Release|Any CPU
		{31A0FE7F-E68C-456C-B546-59B757F53DF5}.Release|x64.ActiveCfg = Release|Any CPU
		{31A0FE7F-E68C-456C-B546-59B757F53DF5}.Release|x64.Build.0 = Release|Any CPU
		{55F53A49-51C0-4790-BD29-E91E3476D09B}.Debug|Any CPU.ActiveCfg = Debug|Any CPU
		{55F53A49-51C0-4790-BD29-E91E3476D09B}.Debug|Any CPU.Build.0 = Debug|Any CPU
		{55F53A49-51C0-4790-BD29-E91E3476D09B}.Debug|x64.ActiveCfg = Debug|Any CPU
		{55F53A49-51C0-4790-BD29-E91E3476D09B}.Debug|x64.Build.0 = Debug|Any CPU
		{55F53A49-51C0-4790-BD29-E91E3476D09B}.Release|Any CPU.ActiveCfg = Release|Any CPU
		{55F53A49-51C0-4790-BD29-E91E3476D09B}.Release|Any CPU.Build.0 = Release|Any CPU
		{55F53A49-51C0-4790-BD29-E91E3476D09B}.Release|x64.ActiveCfg = Release|Any CPU
		{55F53A49-51C0-4790-BD29-E91E3476D09B}.Release|x64.Build.0 = Release|Any CPU
		{6BFD289B-FB97-49C9-84B2-46D93A74DD27}.Debug|Any CPU.ActiveCfg = Debug|Any CPU
		{6BFD289B-FB97-49C9-84B2-46D93A74DD27}.Debug|Any CPU.Build.0 = Debug|Any CPU
		{6BFD289B-FB97-49C9-84B2-46D93A74DD27}.Debug|x64.ActiveCfg = Debug|Any CPU
		{6BFD289B-FB97-49C9-84B2-46D93A74DD27}.Debug|x64.Build.0 = Debug|Any CPU
		{6BFD289B-FB97-49C9-84B2-46D93A74DD27}.Release|Any CPU.ActiveCfg = Release|Any CPU
		{6BFD289B-FB97-49C9-84B2-46D93A74DD27}.Release|Any CPU.Build.0 = Release|Any CPU
		{6BFD289B-FB97-49C9-84B2-46D93A74DD27}.Release|x64.ActiveCfg = Release|Any CPU
		{6BFD289B-FB97-49C9-84B2-46D93A74DD27}.Release|x64.Build.0 = Release|Any CPU
	EndGlobalSection
	GlobalSection(SolutionProperties) = preSolution
		HideSolutionNode = FALSE
	EndGlobalSection
	GlobalSection(NestedProjects) = preSolution
		{C5B0F6FE-4117-4B92-A020-D66C7CBD5C03} = {A3E0FFB0-EF89-4CD3-95E1-DB04FF935788}
		{31A0FE7F-E68C-456C-B546-59B757F53DF5} = {A3E0FFB0-EF89-4CD3-95E1-DB04FF935788}
		{55F53A49-51C0-4790-BD29-E91E3476D09B} = {A3E0FFB0-EF89-4CD3-95E1-DB04FF935788}
		{6BFD289B-FB97-49C9-84B2-46D93A74DD27} = {A3E0FFB0-EF89-4CD3-95E1-DB04FF935788}
	EndGlobalSection
	GlobalSection(ExtensibilityGlobals) = postSolution
		SolutionGuid = {697B54D6-3312-44FE-82D0-B0F7AD08E6E0}
	EndGlobalSection
EndGlobal
